
Microsoft Visual Studio Solution File, Format Version 12.00
# Visual Studio Version 17
VisualStudioVersion = 17.12.35527.113 d17.12
MinimumVisualStudioVersion = 10.0.40219.1
Project("{FAE04EC0-301F-11D3-BF4B-00C04F79EFBC}") = "Win32.Common", "Win32.Common\Win32.Common.csproj", "{1259D597-4B9B-484C-8013-9921AA2EAEA2}"
EndProject
Project("{FAE04EC0-301F-11D3-BF4B-00C04F79EFBC}") = "WIn32.Common.Abstractions", "WIn32.Common.Abstractions\WIn32.Common.Abstractions.csproj", "{06C28570-2645-45B2-95F6-42DDF27321F6}"
EndProject
Global
	GlobalSection(SolutionConfigurationPlatforms) = preSolution
		Debug|Any CPU = Debug|Any CPU
		Release|Any CPU = Release|Any CPU
	EndGlobalSection
	GlobalSection(ProjectConfigurationPlatforms) = postSolution
		{1259D597-4B9B-484C-8013-9921AA2EAEA2}.Debug|Any CPU.ActiveCfg = Debug|Any CPU
		{1259D597-4B9B-484C-8013-9921AA2EAEA2}.Debug|Any CPU.Build.0 = Debug|Any CPU
		{1259D597-4B9B-484C-8013-9921AA2EAEA2}.Release|Any CPU.ActiveCfg = Release|Any CPU
		{1259D597-4B9B-484C-8013-9921AA2EAEA2}.Release|Any CPU.Build.0 = Release|Any CPU
		{06C28570-2645-45B2-95F6-42DDF27321F6}.Debug|Any CPU.ActiveCfg = Debug|Any CPU
		{06C28570-2645-45B2-95F6-42DDF27321F6}.Debug|Any CPU.Build.0 = Debug|Any CPU
		{06C28570-2645-45B2-95F6-42DDF27321F6}.Release|Any CPU.ActiveCfg = Release|Any CPU
		{06C28570-2645-45B2-95F6-42DDF27321F6}.Release|Any CPU.Build.0 = Release|Any CPU
	EndGlobalSection
	GlobalSection(SolutionProperties) = preSolution
		HideSolutionNode = FALSE
	EndGlobalSection
EndGlobal
